// !$*UTF8*$!
{
	archiveVersion = 1;
	classes = {
	};
	objectVersion = 50;
	objects = {

/* Begin PBXBuildFile section */
		3726DFF1249123A9006A543E /* AppDelegate.swift in Sources */ = {isa = PBXBuildFile; fileRef = 3726DFF0249123A9006A543E /* AppDelegate.swift */; };
		3726DFF3249123A9006A543E /* SceneDelegate.swift in Sources */ = {isa = PBXBuildFile; fileRef = 3726DFF2249123A9006A543E /* SceneDelegate.swift */; };
		3726DFF5249123A9006A543E /* BeginRunVC.swift in Sources */ = {isa = PBXBuildFile; fileRef = 3726DFF4249123A9006A543E /* BeginRunVC.swift */; };
		3726DFF7249123A9006A543E /* RunLogVC.swift in Sources */ = {isa = PBXBuildFile; fileRef = 3726DFF6249123A9006A543E /* RunLogVC.swift */; };
		3726DFFA249123A9006A543E /* Main.storyboard in Resources */ = {isa = PBXBuildFile; fileRef = 3726DFF8249123A9006A543E /* Main.storyboard */; };
		3726DFFC249123AA006A543E /* Assets.xcassets in Resources */ = {isa = PBXBuildFile; fileRef = 3726DFFB249123AA006A543E /* Assets.xcassets */; };
		3726DFFF249123AA006A543E /* LaunchScreen.storyboard in Resources */ = {isa = PBXBuildFile; fileRef = 3726DFFD249123AA006A543E /* LaunchScreen.storyboard */; };
		3726E01E24912680006A543E /* Montserrat-Medium.ttf in Resources */ = {isa = PBXBuildFile; fileRef = 3726E00C2491267F006A543E /* Montserrat-Medium.ttf */; };
		3726E01F24912680006A543E /* Montserrat-Black.ttf in Resources */ = {isa = PBXBuildFile; fileRef = 3726E00D2491267F006A543E /* Montserrat-Black.ttf */; };
		3726E02024912680006A543E /* Montserrat-SemiBoldItalic.ttf in Resources */ = {isa = PBXBuildFile; fileRef = 3726E00E2491267F006A543E /* Montserrat-SemiBoldItalic.ttf */; };
		3726E02124912680006A543E /* Montserrat-Italic.ttf in Resources */ = {isa = PBXBuildFile; fileRef = 3726E00F2491267F006A543E /* Montserrat-Italic.ttf */; };
		3726E02224912680006A543E /* Montserrat-Regular.ttf in Resources */ = {isa = PBXBuildFile; fileRef = 3726E01024912680006A543E /* Montserrat-Regular.ttf */; };
		3726E02324912680006A543E /* Montserrat-SemiBold.ttf in Resources */ = {isa = PBXBuildFile; fileRef = 3726E01124912680006A543E /* Montserrat-SemiBold.ttf */; };
		3726E02424912680006A543E /* Montserrat-ExtraBoldItalic.ttf in Resources */ = {isa = PBXBuildFile; fileRef = 3726E01224912680006A543E /* Montserrat-ExtraBoldItalic.ttf */; };
		3726E02524912680006A543E /* Montserrat-Bold.ttf in Resources */ = {isa = PBXBuildFile; fileRef = 3726E01324912680006A543E /* Montserrat-Bold.ttf */; };
		3726E02624912680006A543E /* Montserrat-Thin.ttf in Resources */ = {isa = PBXBuildFile; fileRef = 3726E01424912680006A543E /* Montserrat-Thin.ttf */; };
		3726E02724912680006A543E /* Montserrat-LightItalic.ttf in Resources */ = {isa = PBXBuildFile; fileRef = 3726E01524912680006A543E /* Montserrat-LightItalic.ttf */; };
		3726E02824912680006A543E /* Montserrat-ExtraBold.ttf in Resources */ = {isa = PBXBuildFile; fileRef = 3726E01624912680006A543E /* Montserrat-ExtraBold.ttf */; };
		3726E02924912680006A543E /* Montserrat-BoldItalic.ttf in Resources */ = {isa = PBXBuildFile; fileRef = 3726E01724912680006A543E /* Montserrat-BoldItalic.ttf */; };
		3726E02A24912680006A543E /* Montserrat-ThinItalic.ttf in Resources */ = {isa = PBXBuildFile; fileRef = 3726E01824912680006A543E /* Montserrat-ThinItalic.ttf */; };
		3726E02B24912680006A543E /* Montserrat-MediumItalic.ttf in Resources */ = {isa = PBXBuildFile; fileRef = 3726E01924912680006A543E /* Montserrat-MediumItalic.ttf */; };
		3726E02C24912680006A543E /* Montserrat-ExtraLight.ttf in Resources */ = {isa = PBXBuildFile; fileRef = 3726E01A24912680006A543E /* Montserrat-ExtraLight.ttf */; };
		3726E02D24912680006A543E /* Montserrat-ExtraLightItalic.ttf in Resources */ = {isa = PBXBuildFile; fileRef = 3726E01B24912680006A543E /* Montserrat-ExtraLightItalic.ttf */; };
		3726E02E24912680006A543E /* Montserrat-BlackItalic.ttf in Resources */ = {isa = PBXBuildFile; fileRef = 3726E01C24912680006A543E /* Montserrat-BlackItalic.ttf */; };
		3726E02F24912680006A543E /* Montserrat-Light.ttf in Resources */ = {isa = PBXBuildFile; fileRef = 3726E01D24912680006A543E /* Montserrat-Light.ttf */; };
		372B16462496104E006F03E7 /* LocationVC.swift in Sources */ = {isa = PBXBuildFile; fileRef = 372B16452496104E006F03E7 /* LocationVC.swift */; };
		37F664CB2497A854002D8B88 /* CurrentRunVC.swift in Sources */ = {isa = PBXBuildFile; fileRef = 37F664CA2497A854002D8B88 /* CurrentRunVC.swift */; };
/* End PBXBuildFile section */

/* Begin PBXFileReference section */
		3726DFED249123A9006A543E /* Treads.app */ = {isa = PBXFileReference; explicitFileType = wrapper.application; includeInIndex = 0; path = Treads.app; sourceTree = BUILT_PRODUCTS_DIR; };
		3726DFF0249123A9006A543E /* AppDelegate.swift */ = {isa = PBXFileReference; lastKnownFileType = sourcecode.swift; path = AppDelegate.swift; sourceTree = "<group>"; };
		3726DFF2249123A9006A543E /* SceneDelegate.swift */ = {isa = PBXFileReference; lastKnownFileType = sourcecode.swift; path = SceneDelegate.swift; sourceTree = "<group>"; };
		3726DFF4249123A9006A543E /* BeginRunVC.swift */ = {isa = PBXFileReference; lastKnownFileType = sourcecode.swift; path = BeginRunVC.swift; sourceTree = "<group>"; };
		3726DFF6249123A9006A543E /* RunLogVC.swift */ = {isa = PBXFileReference; lastKnownFileType = sourcecode.swift; path = RunLogVC.swift; sourceTree = "<group>"; };
		3726DFF9249123A9006A543E /* Base */ = {isa = PBXFileReference; lastKnownFileType = file.storyboard; name = Base; path = Base.lproj/Main.storyboard; sourceTree = "<group>"; };
		3726DFFB249123AA006A543E /* Assets.xcassets */ = {isa = PBXFileReference; lastKnownFileType = folder.assetcatalog; path = Assets.xcassets; sourceTree = "<group>"; };
		3726DFFE249123AA006A543E /* Base */ = {isa = PBXFileReference; lastKnownFileType = file.storyboard; name = Base; path = Base.lproj/LaunchScreen.storyboard; sourceTree = "<group>"; };
		3726E000249123AA006A543E /* Info.plist */ = {isa = PBXFileReference; lastKnownFileType = text.plist.xml; path = Info.plist; sourceTree = "<group>"; };
		3726E00C2491267F006A543E /* Montserrat-Medium.ttf */ = {isa = PBXFileReference; lastKnownFileType = file; path = "Montserrat-Medium.ttf"; sourceTree = "<group>"; };
		3726E00D2491267F006A543E /* Montserrat-Black.ttf */ = {isa = PBXFileReference; lastKnownFileType = file; path = "Montserrat-Black.ttf"; sourceTree = "<group>"; };
		3726E00E2491267F006A543E /* Montserrat-SemiBoldItalic.ttf */ = {isa = PBXFileReference; lastKnownFileType = file; path = "Montserrat-SemiBoldItalic.ttf"; sourceTree = "<group>"; };
		3726E00F2491267F006A543E /* Montserrat-Italic.ttf */ = {isa = PBXFileReference; lastKnownFileType = file; path = "Montserrat-Italic.ttf"; sourceTree = "<group>"; };
		3726E01024912680006A543E /* Montserrat-Regular.ttf */ = {isa = PBXFileReference; lastKnownFileType = file; path = "Montserrat-Regular.ttf"; sourceTree = "<group>"; };
		3726E01124912680006A543E /* Montserrat-SemiBold.ttf */ = {isa = PBXFileReference; lastKnownFileType = file; path = "Montserrat-SemiBold.ttf"; sourceTree = "<group>"; };
		3726E01224912680006A543E /* Montserrat-ExtraBoldItalic.ttf */ = {isa = PBXFileReference; lastKnownFileType = file; path = "Montserrat-ExtraBoldItalic.ttf"; sourceTree = "<group>"; };
		3726E01324912680006A543E /* Montserrat-Bold.ttf */ = {isa = PBXFileReference; lastKnownFileType = file; path = "Montserrat-Bold.ttf"; sourceTree = "<group>"; };
		3726E01424912680006A543E /* Montserrat-Thin.ttf */ = {isa = PBXFileReference; lastKnownFileType = file; path = "Montserrat-Thin.ttf"; sourceTree = "<group>"; };
		3726E01524912680006A543E /* Montserrat-LightItalic.ttf */ = {isa = PBXFileReference; lastKnownFileType = file; path = "Montserrat-LightItalic.ttf"; sourceTree = "<group>"; };
		3726E01624912680006A543E /* Montserrat-ExtraBold.ttf */ = {isa = PBXFileReference; lastKnownFileType = file; path = "Montserrat-ExtraBold.ttf"; sourceTree = "<group>"; };
		3726E01724912680006A543E /* Montserrat-BoldItalic.ttf */ = {isa = PBXFileReference; lastKnownFileType = file; path = "Montserrat-BoldItalic.ttf"; sourceTree = "<group>"; };
		3726E01824912680006A543E /* Montserrat-ThinItalic.ttf */ = {isa = PBXFileReference; lastKnownFileType = file; path = "Montserrat-ThinItalic.ttf"; sourceTree = "<group>"; };
		3726E01924912680006A543E /* Montserrat-MediumItalic.ttf */ = {isa = PBXFileReference; lastKnownFileType = file; path = "Montserrat-MediumItalic.ttf"; sourceTree = "<group>"; };
		3726E01A24912680006A543E /* Montserrat-ExtraLight.ttf */ = {isa = PBXFileReference; lastKnownFileType = file; path = "Montserrat-ExtraLight.ttf"; sourceTree = "<group>"; };
		3726E01B24912680006A543E /* Montserrat-ExtraLightItalic.ttf */ = {isa = PBXFileReference; lastKnownFileType = file; path = "Montserrat-ExtraLightItalic.ttf"; sourceTree = "<group>"; };
		3726E01C24912680006A543E /* Montserrat-BlackItalic.ttf */ = {isa = PBXFileReference; lastKnownFileType = file; path = "Montserrat-BlackItalic.ttf"; sourceTree = "<group>"; };
		3726E01D24912680006A543E /* Montserrat-Light.ttf */ = {isa = PBXFileReference; lastKnownFileType = file; path = "Montserrat-Light.ttf"; sourceTree = "<group>"; };
		372B16452496104E006F03E7 /* LocationVC.swift */ = {isa = PBXFileReference; lastKnownFileType = sourcecode.swift; path = LocationVC.swift; sourceTree = "<group>"; };
		37F664CA2497A854002D8B88 /* CurrentRunVC.swift */ = {isa = PBXFileReference; lastKnownFileType = sourcecode.swift; path = CurrentRunVC.swift; sourceTree = "<group>"; };
/* End PBXFileReference section */

/* Begin PBXFrameworksBuildPhase section */
		3726DFEA249123A9006A543E /* Frameworks */ = {
			isa = PBXFrameworksBuildPhase;
			buildActionMask = 2147483647;
			files = (
			);
			runOnlyForDeploymentPostprocessing = 0;
		};
/* End PBXFrameworksBuildPhase section */

/* Begin PBXGroup section */
		3726DFE4249123A9006A543E = {
			isa = PBXGroup;
			children = (
				3726DFEF249123A9006A543E /* Treads */,
				3726DFEE249123A9006A543E /* Products */,
			);
			sourceTree = "<group>";
		};
		3726DFEE249123A9006A543E /* Products */ = {
			isa = PBXGroup;
			children = (
				3726DFED249123A9006A543E /* Treads.app */,
			);
			name = Products;
			sourceTree = "<group>";
		};
		3726DFEF249123A9006A543E /* Treads */ = {
			isa = PBXGroup;
			children = (
				3726E00B249125D9006A543E /* Model */,
				3726E00A249125D5006A543E /* View */,
				3726E009249125D1006A543E /* Controller */,
				3726E008249125C0006A543E /* Utilities */,
				3726E007249125B7006A543E /* Extensions */,
				3726E006249125AF006A543E /* Resources */,
				3726DFF0249123A9006A543E /* AppDelegate.swift */,
				3726DFF2249123A9006A543E /* SceneDelegate.swift */,
				3726DFF8249123A9006A543E /* Main.storyboard */,
				3726DFFB249123AA006A543E /* Assets.xcassets */,
				3726DFFD249123AA006A543E /* LaunchScreen.storyboard */,
				3726E000249123AA006A543E /* Info.plist */,
			);
			path = Treads;
			sourceTree = "<group>";
		};
		3726E006249125AF006A543E /* Resources */ = {
			isa = PBXGroup;
			children = (
				3726E00D2491267F006A543E /* Montserrat-Black.ttf */,
				3726E01C24912680006A543E /* Montserrat-BlackItalic.ttf */,
				3726E01324912680006A543E /* Montserrat-Bold.ttf */,
				3726E01724912680006A543E /* Montserrat-BoldItalic.ttf */,
				3726E01624912680006A543E /* Montserrat-ExtraBold.ttf */,
				3726E01224912680006A543E /* Montserrat-ExtraBoldItalic.ttf */,
				3726E01A24912680006A543E /* Montserrat-ExtraLight.ttf */,
				3726E01B24912680006A543E /* Montserrat-ExtraLightItalic.ttf */,
				3726E00F2491267F006A543E /* Montserrat-Italic.ttf */,
				3726E01D24912680006A543E /* Montserrat-Light.ttf */,
				3726E01524912680006A543E /* Montserrat-LightItalic.ttf */,
				3726E00C2491267F006A543E /* Montserrat-Medium.ttf */,
				3726E01924912680006A543E /* Montserrat-MediumItalic.ttf */,
				3726E01024912680006A543E /* Montserrat-Regular.ttf */,
				3726E01124912680006A543E /* Montserrat-SemiBold.ttf */,
				3726E00E2491267F006A543E /* Montserrat-SemiBoldItalic.ttf */,
				3726E01424912680006A543E /* Montserrat-Thin.ttf */,
				3726E01824912680006A543E /* Montserrat-ThinItalic.ttf */,
			);
			path = Resources;
			sourceTree = "<group>";
		};
		3726E007249125B7006A543E /* Extensions */ = {
			isa = PBXGroup;
			children = (
			);
			path = Extensions;
			sourceTree = "<group>";
		};
		3726E008249125C0006A543E /* Utilities */ = {
			isa = PBXGroup;
			children = (
			);
			path = Utilities;
			sourceTree = "<group>";
		};
		3726E009249125D1006A543E /* Controller */ = {
			isa = PBXGroup;
			children = (
				372B16452496104E006F03E7 /* LocationVC.swift */,
				3726DFF4249123A9006A543E /* BeginRunVC.swift */,
				3726DFF6249123A9006A543E /* RunLogVC.swift */,
				37F664CA2497A854002D8B88 /* CurrentRunVC.swift */,
			);
			path = Controller;
			sourceTree = "<group>";
		};
		3726E00A249125D5006A543E /* View */ = {
			isa = PBXGroup;
			children = (
			);
			path = View;
			sourceTree = "<group>";
		};
		3726E00B249125D9006A543E /* Model */ = {
			isa = PBXGroup;
			children = (
			);
			path = Model;
			sourceTree = "<group>";
		};
/* End PBXGroup section */

/* Begin PBXNativeTarget section */
		3726DFEC249123A9006A543E /* Treads */ = {
			isa = PBXNativeTarget;
			buildConfigurationList = 3726E003249123AA006A543E /* Build configuration list for PBXNativeTarget "Treads" */;
			buildPhases = (
				3726DFE9249123A9006A543E /* Sources */,
				3726DFEA249123A9006A543E /* Frameworks */,
				3726DFEB249123A9006A543E /* Resources */,
			);
			buildRules = (
			);
			dependencies = (
			);
			name = Treads;
			productName = Treads;
			productReference = 3726DFED249123A9006A543E /* Treads.app */;
			productType = "com.apple.product-type.application";
		};
/* End PBXNativeTarget section */

/* Begin PBXProject section */
		3726DFE5249123A9006A543E /* Project object */ = {
			isa = PBXProject;
			attributes = {
				LastSwiftUpdateCheck = 1140;
				LastUpgradeCheck = 1140;
				ORGANIZATIONNAME = Urmat;
				TargetAttributes = {
					3726DFEC249123A9006A543E = {
						CreatedOnToolsVersion = 11.4;
					};
				};
			};
			buildConfigurationList = 3726DFE8249123A9006A543E /* Build configuration list for PBXProject "Treads" */;
			compatibilityVersion = "Xcode 9.3";
			developmentRegion = en;
			hasScannedForEncodings = 0;
			knownRegions = (
				en,
				Base,
			);
			mainGroup = 3726DFE4249123A9006A543E;
			productRefGroup = 3726DFEE249123A9006A543E /* Products */;
			projectDirPath = "";
			projectRoot = "";
			targets = (
				3726DFEC249123A9006A543E /* Treads */,
			);
		};
/* End PBXProject section */

/* Begin PBXResourcesBuildPhase section */
		3726DFEB249123A9006A543E /* Resources */ = {
			isa = PBXResourcesBuildPhase;
			buildActionMask = 2147483647;
			files = (
				3726E02F24912680006A543E /* Montserrat-Light.ttf in Resources */,
				3726E02224912680006A543E /* Montserrat-Regular.ttf in Resources */,
				3726E02024912680006A543E /* Montserrat-SemiBoldItalic.ttf in Resources */,
				3726E02724912680006A543E /* Montserrat-LightItalic.ttf in Resources */,
				3726E02924912680006A543E /* Montserrat-BoldItalic.ttf in Resources */,
				3726DFFF249123AA006A543E /* LaunchScreen.storyboard in Resources */,
				3726E01F24912680006A543E /* Montserrat-Black.ttf in Resources */,
				3726E02824912680006A543E /* Montserrat-ExtraBold.ttf in Resources */,
				3726DFFC249123AA006A543E /* Assets.xcassets in Resources */,
				3726E01E24912680006A543E /* Montserrat-Medium.ttf in Resources */,
				3726E02B24912680006A543E /* Montserrat-MediumItalic.ttf in Resources */,
				3726E02324912680006A543E /* Montserrat-SemiBold.ttf in Resources */,
				3726E02A24912680006A543E /* Montserrat-ThinItalic.ttf in Resources */,
				3726E02424912680006A543E /* Montserrat-ExtraBoldItalic.ttf in Resources */,
				3726E02E24912680006A543E /* Montserrat-BlackItalic.ttf in Resources */,
				3726E02C24912680006A543E /* Montserrat-ExtraLight.ttf in Resources */,
				3726DFFA249123A9006A543E /* Main.storyboard in Resources */,
				3726E02D24912680006A543E /* Montserrat-ExtraLightItalic.ttf in Resources */,
				3726E02524912680006A543E /* Montserrat-Bold.ttf in Resources */,
				3726E02624912680006A543E /* Montserrat-Thin.ttf in Resources */,
				3726E02124912680006A543E /* Montserrat-Italic.ttf in Resources */,
			);
			runOnlyForDeploymentPostprocessing = 0;
		};
/* End PBXResourcesBuildPhase section */

/* Begin PBXSourcesBuildPhase section */
		3726DFE9249123A9006A543E /* Sources */ = {
			isa = PBXSourcesBuildPhase;
			buildActionMask = 2147483647;
			files = (
				372B16462496104E006F03E7 /* LocationVC.swift in Sources */,
				3726DFF7249123A9006A543E /* RunLogVC.swift in Sources */,
				3726DFF5249123A9006A543E /* BeginRunVC.swift in Sources */,
				3726DFF1249123A9006A543E /* AppDelegate.swift in Sources */,
				37F664CB2497A854002D8B88 /* CurrentRunVC.swift in Sources */,
				3726DFF3249123A9006A543E /* SceneDelegate.swift in Sources */,
			);
			runOnlyForDeploymentPostprocessing = 0;
		};
/* End PBXSourcesBuildPhase section */

/* Begin PBXVariantGroup section */
		3726DFF8249123A9006A543E /* Main.storyboard */ = {
			isa = PBXVariantGroup;
			children = (
				3726DFF9249123A9006A543E /* Base */,
			);
			name = Main.storyboard;
			sourceTree = "<group>";
		};
		3726DFFD249123AA006A543E /* LaunchScreen.storyboard */ = {
			isa = PBXVariantGroup;
			children = (
				3726DFFE249123AA006A543E /* Base */,
			);
			name = LaunchScreen.storyboard;
			sourceTree = "<group>";
		};
/* End PBXVariantGroup section */

/* Begin XCBuildConfiguration section */
		3726E001249123AA006A543E /* Debug */ = {
			isa = XCBuildConfiguration;
			buildSettings = {
				ALWAYS_SEARCH_USER_PATHS = NO;
				CLANG_ANALYZER_NONNULL = YES;
				CLANG_ANALYZER_NUMBER_OBJECT_CONVERSION = YES_AGGRESSIVE;
				CLANG_CXX_LANGUAGE_STANDARD = "gnu++14";
				CLANG_CXX_LIBRARY = "libc++";
				CLANG_ENABLE_MODULES = YES;
				CLANG_ENABLE_OBJC_ARC = YES;
				CLANG_ENABLE_OBJC_WEAK = YES;
				CLANG_WARN_BLOCK_CAPTURE_AUTORELEASING = YES;
				CLANG_WARN_BOOL_CONVERSION = YES;
				CLANG_WARN_COMMA = YES;
				CLANG_WARN_CONSTANT_CONVERSION = YES;
				CLANG_WARN_DEPRECATED_OBJC_IMPLEMENTATIONS = YES;
				CLANG_WARN_DIRECT_OBJC_ISA_USAGE = YES_ERROR;
				CLANG_WARN_DOCUMENTATION_COMMENTS = YES;
				CLANG_WARN_EMPTY_BODY = YES;
				CLANG_WARN_ENUM_CONVERSION = YES;
				CLANG_WARN_INFINITE_RECURSION = YES;
				CLANG_WARN_INT_CONVERSION = YES;
				CLANG_WARN_NON_LITERAL_NULL_CONVERSION = YES;
				CLANG_WARN_OBJC_IMPLICIT_RETAIN_SELF = YES;
				CLANG_WARN_OBJC_LITERAL_CONVERSION = YES;
				CLANG_WARN_OBJC_ROOT_CLASS = YES_ERROR;
				CLANG_WARN_RANGE_LOOP_ANALYSIS = YES;
				CLANG_WARN_STRICT_PROTOTYPES = YES;
				CLANG_WARN_SUSPICIOUS_MOVE = YES;
				CLANG_WARN_UNGUARDED_AVAILABILITY = YES_AGGRESSIVE;
				CLANG_WARN_UNREACHABLE_CODE = YES;
				CLANG_WARN__DUPLICATE_METHOD_MATCH = YES;
				COPY_PHASE_STRIP = NO;
				DEBUG_INFORMATION_FORMAT = dwarf;
				ENABLE_STRICT_OBJC_MSGSEND = YES;
				ENABLE_TESTABILITY = YES;
				GCC_C_LANGUAGE_STANDARD = gnu11;
				GCC_DYNAMIC_NO_PIC = NO;
				GCC_NO_COMMON_BLOCKS = YES;
				GCC_OPTIMIZATION_LEVEL = 0;
				GCC_PREPROCESSOR_DEFINITIONS = (
					"DEBUG=1",
					"$(inherited)",
				);
				GCC_WARN_64_TO_32_BIT_CONVERSION = YES;
				GCC_WARN_ABOUT_RETURN_TYPE = YES_ERROR;
				GCC_WARN_UNDECLARED_SELECTOR = YES;
				GCC_WARN_UNINITIALIZED_AUTOS = YES_AGGRESSIVE;
				GCC_WARN_UNUSED_FUNCTION = YES;
				GCC_WARN_UNUSED_VARIABLE = YES;
				IPHONEOS_DEPLOYMENT_TARGET = 13.4;
				MTL_ENABLE_DEBUG_INFO = INCLUDE_SOURCE;
				MTL_FAST_MATH = YES;
				ONLY_ACTIVE_ARCH = YES;
				SDKROOT = iphoneos;
				SWIFT_ACTIVE_COMPILATION_CONDITIONS = DEBUG;
				SWIFT_OPTIMIZATION_LEVEL = "-Onone";
			};
			name = Debug;
		};
		3726E002249123AA006A543E /* Release */ = {
			isa = XCBuildConfiguration;
			buildSettings = {
				ALWAYS_SEARCH_USER_PATHS = NO;
				CLANG_ANALYZER_NONNULL = YES;
				CLANG_ANALYZER_NUMBER_OBJECT_CONVERSION = YES_AGGRESSIVE;
				CLANG_CXX_LANGUAGE_STANDARD = "gnu++14";
				CLANG_CXX_LIBRARY = "libc++";
				CLANG_ENABLE_MODULES = YES;
				CLANG_ENABLE_OBJC_ARC = YES;
				CLANG_ENABLE_OBJC_WEAK = YES;
				CLANG_WARN_BLOCK_CAPTURE_AUTORELEASING = YES;
				CLANG_WARN_BOOL_CONVERSION = YES;
				CLANG_WARN_COMMA = YES;
				CLANG_WARN_CONSTANT_CONVERSION = YES;
				CLANG_WARN_DEPRECATED_OBJC_IMPLEMENTATIONS = YES;
				CLANG_WARN_DIRECT_OBJC_ISA_USAGE = YES_ERROR;
				CLANG_WARN_DOCUMENTATION_COMMENTS = YES;
				CLANG_WARN_EMPTY_BODY = YES;
				CLANG_WARN_ENUM_CONVERSION = YES;
				CLANG_WARN_INFINITE_RECURSION = YES;
				CLANG_WARN_INT_CONVERSION = YES;
				CLANG_WARN_NON_LITERAL_NULL_CONVERSION = YES;
				CLANG_WARN_OBJC_IMPLICIT_RETAIN_SELF = YES;
				CLANG_WARN_OBJC_LITERAL_CONVERSION = YES;
				CLANG_WARN_OBJC_ROOT_CLASS = YES_ERROR;
				CLANG_WARN_RANGE_LOOP_ANALYSIS = YES;
				CLANG_WARN_STRICT_PROTOTYPES = YES;
				CLANG_WARN_SUSPICIOUS_MOVE = YES;
				CLANG_WARN_UNGUARDED_AVAILABILITY = YES_AGGRESSIVE;
				CLANG_WARN_UNREACHABLE_CODE = YES;
				CLANG_WARN__DUPLICATE_METHOD_MATCH = YES;
				COPY_PHASE_STRIP = NO;
				DEBUG_INFORMATION_FORMAT = "dwarf-with-dsym";
				ENABLE_NS_ASSERTIONS = NO;
				ENABLE_STRICT_OBJC_MSGSEND = YES;
				GCC_C_LANGUAGE_STANDARD = gnu11;
				GCC_NO_COMMON_BLOCKS = YES;
				GCC_WARN_64_TO_32_BIT_CONVERSION = YES;
				GCC_WARN_ABOUT_RETURN_TYPE = YES_ERROR;
				GCC_WARN_UNDECLARED_SELECTOR = YES;
				GCC_WARN_UNINITIALIZED_AUTOS = YES_AGGRESSIVE;
				GCC_WARN_UNUSED_FUNCTION = YES;
				GCC_WARN_UNUSED_VARIABLE = YES;
				IPHONEOS_DEPLOYMENT_TARGET = 13.4;
				MTL_ENABLE_DEBUG_INFO = NO;
				MTL_FAST_MATH = YES;
				SDKROOT = iphoneos;
				SWIFT_COMPILATION_MODE = wholemodule;
				SWIFT_OPTIMIZATION_LEVEL = "-O";
				VALIDATE_PRODUCT = YES;
			};
			name = Release;
		};
		3726E004249123AA006A543E /* Debug */ = {
			isa = XCBuildConfiguration;
			buildSettings = {
				ASSETCATALOG_COMPILER_APPICON_NAME = AppIcon;
				CODE_SIGN_STYLE = Automatic;
				DEVELOPMENT_TEAM = RW77ZW8HLL;
				INFOPLIST_FILE = Treads/Info.plist;
				LD_RUNPATH_SEARCH_PATHS = (
					"$(inherited)",
					"@executable_path/Frameworks",
				);
				PRODUCT_BUNDLE_IDENTIFIER = Urmat.Treads;
				PRODUCT_NAME = "$(TARGET_NAME)";
				SWIFT_VERSION = 5.0;
				TARGETED_DEVICE_FAMILY = "1,2";
			};
			name = Debug;
		};
		3726E005249123AA006A543E /* Release */ = {
			isa = XCBuildConfiguration;
			buildSettings = {
				ASSETCATALOG_COMPILER_APPICON_NAME = AppIcon;
				CODE_SIGN_STYLE = Automatic;
				DEVELOPMENT_TEAM = RW77ZW8HLL;
				INFOPLIST_FILE = Treads/Info.plist;
				LD_RUNPATH_SEARCH_PATHS = (
					"$(inherited)",
					"@executable_path/Frameworks",
				);
				PRODUCT_BUNDLE_IDENTIFIER = Urmat.Treads;
				PRODUCT_NAME = "$(TARGET_NAME)";
				SWIFT_VERSION = 5.0;
				TARGETED_DEVICE_FAMILY = "1,2";
			};
			name = Release;
		};
/* End XCBuildConfiguration section */

/* Begin XCConfigurationList section */
		3726DFE8249123A9006A543E /* Build configuration list for PBXProject "Treads" */ = {
			isa = XCConfigurationList;
			buildConfigurations = (
				3726E001249123AA006A543E /* Debug */,
				3726E002249123AA006A543E /* Release */,
			);
			defaultConfigurationIsVisible = 0;
			defaultConfigurationName = Release;
		};
		3726E003249123AA006A543E /* Build configuration list for PBXNativeTarget "Treads" */ = {
			isa = XCConfigurationList;
			buildConfigurations = (
				3726E004249123AA006A543E /* Debug */,
				3726E005249123AA006A543E /* Release */,
			);
			defaultConfigurationIsVisible = 0;
			defaultConfigurationName = Release;
		};
/* End XCConfigurationList section */
	};
	rootObject = 3726DFE5249123A9006A543E /* Project object */;
}
